
Microsoft Visual Studio Solution File, Format Version 12.00
# Visual Studio Version 17
VisualStudioVersion = 17.7.34031.279
MinimumVisualStudioVersion = 10.0.40219.1
Project("{FAE04EC0-301F-11D3-BF4B-00C04F79EFBC}") = "BookStore-API", "BookStore-API.csproj", "{9ABBE16A-709F-4BCE-B045-C46AC2AD498F}"
EndProject
Global
	GlobalSection(SolutionConfigurationPlatforms) = preSolution
		Debug|Any CPU = Debug|Any CPU
		Release|Any CPU = Release|Any CPU
	EndGlobalSection
	GlobalSection(ProjectConfigurationPlatforms) = postSolution
		{9ABBE16A-709F-4BCE-B045-C46AC2AD498F}.Debug|Any CPU.ActiveCfg = Debug|Any CPU
		{9ABBE16A-709F-4BCE-B045-C46AC2AD498F}.Debug|Any CPU.Build.0 = Debug|Any CPU
		{9ABBE16A-709F-4BCE-B045-C46AC2AD498F}.Release|Any CPU.ActiveCfg = Release|Any CPU
		{9ABBE16A-709F-4BCE-B045-C46AC2AD498F}.Release|Any CPU.Build.0 = Release|Any CPU
	EndGlobalSection
	GlobalSection(SolutionProperties) = preSolution
		HideSolutionNode = FALSE
	EndGlobalSection
	GlobalSection(ExtensibilityGlobals) = postSolution
		SolutionGuid = {C868C012-C123-4222-84BB-3C0B15AC1A01}
	EndGlobalSection
EndGlobal
